
Microsoft Visual Studio Solution File, Format Version 12.00
# Visual Studio Version 16
VisualStudioVersion = 16.0.29920.165
MinimumVisualStudioVersion = 10.0.40219.1
Project("{8BC9CEB8-8B4A-11D0-8D11-00A0C91BC942}") = "Cpp1_3", "Cpp1_3\Cpp1_3.vcxproj", "{23AEB02D-D770-4ACA-A6AC-E4B798C63E74}"
EndProject
Project("{8BC9CEB8-8B4A-11D0-8D11-00A0C91BC942}") = "Cpp1_4", "Cpp1_4\Cpp1_4.vcxproj", "{77101946-5949-400F-8025-DC63A06B9BE4}"
EndProject
Project("{8BC9CEB8-8B4A-11D0-8D11-00A0C91BC942}") = "Cpp2_5", "Cpp2_5\Cpp2_5.vcxproj", "{C32DDD53-F028-47A0-BBD8-AA4CCDE7BA5D}"
EndProject
Project("{8BC9CEB8-8B4A-11D0-8D11-00A0C91BC942}") = "Cpp2_6", "Cpp2_6\Cpp2_6.vcxproj", "{7FCE2A8D-439A-459C-98FC-D3276C076B50}"
EndProject
Project("{8BC9CEB8-8B4A-11D0-8D11-00A0C91BC942}") = "Cpp2_1_2", "Cpp2_1_2\Cpp2_1.vcxproj", "{8D7E5C71-BF49-4D99-8AE3-729BF1FBFD41}"
EndProject
Project("{8BC9CEB8-8B4A-11D0-8D11-00A0C91BC942}") = "Cpp2_3_4", "Cpp2_3_4\Cpp2_2.vcxproj", "{BB891272-F2B8-40E6-A125-C275A5341001}"
EndProject
Project("{8BC9CEB8-8B4A-11D0-8D11-00A0C91BC942}") = "Cpp3_1", "Cpp3_1\Cpp3_1.vcxproj", "{FEECFDE7-FD74-4E0F-968B-A9C548FED42A}"
EndProject
Project("{8BC9CEB8-8B4A-11D0-8D11-00A0C91BC942}") = "Cpp3_2", "Cpp3_2\Cpp3_2.vcxproj", "{CB385DE3-AC9D-4E70-B558-0C1B65DCB83A}"
EndProject
Project("{8BC9CEB8-8B4A-11D0-8D11-00A0C91BC942}") = "Cpp3_3", "Cpp3_3\Cpp3_3.vcxproj", "{D375DD7C-4DAA-40DA-AD61-A08495701DA8}"
EndProject
Project("{8BC9CEB8-8B4A-11D0-8D11-00A0C91BC942}") = "Cpp3_4", "Cpp3_4\Cpp3_4.vcxproj", "{7880691B-9B82-4D82-B224-989F3B6D5636}"
EndProject
Global
	GlobalSection(SolutionConfigurationPlatforms) = preSolution
		Debug|Any CPU = Debug|Any CPU
		Debug|x64 = Debug|x64
		Debug|x86 = Debug|x86
		Release|Any CPU = Release|Any CPU
		Release|x64 = Release|x64
		Release|x86 = Release|x86
	EndGlobalSection
	GlobalSection(ProjectConfigurationPlatforms) = postSolution
		{23AEB02D-D770-4ACA-A6AC-E4B798C63E74}.Debug|Any CPU.ActiveCfg = Debug|Win32
		{23AEB02D-D770-4ACA-A6AC-E4B798C63E74}.Debug|x64.ActiveCfg = Debug|x64
		{23AEB02D-D770-4ACA-A6AC-E4B798C63E74}.Debug|x64.Build.0 = Debug|x64
		{23AEB02D-D770-4ACA-A6AC-E4B798C63E74}.Debug|x86.ActiveCfg = Debug|Win32
		{23AEB02D-D770-4ACA-A6AC-E4B798C63E74}.Debug|x86.Build.0 = Debug|Win32
		{23AEB02D-D770-4ACA-A6AC-E4B798C63E74}.Release|Any CPU.ActiveCfg = Release|Win32
		{23AEB02D-D770-4ACA-A6AC-E4B798C63E74}.Release|x64.ActiveCfg = Release|x64
		{23AEB02D-D770-4ACA-A6AC-E4B798C63E74}.Release|x64.Build.0 = Release|x64
		{23AEB02D-D770-4ACA-A6AC-E4B798C63E74}.Release|x86.ActiveCfg = Release|Win32
		{23AEB02D-D770-4ACA-A6AC-E4B798C63E74}.Release|x86.Build.0 = Release|Win32
		{77101946-5949-400F-8025-DC63A06B9BE4}.Debug|Any CPU.ActiveCfg = Debug|Win32
		{77101946-5949-400F-8025-DC63A06B9BE4}.Debug|x64.ActiveCfg = Debug|x64
		{77101946-5949-400F-8025-DC63A06B9BE4}.Debug|x64.Build.0 = Debug|x64
		{77101946-5949-400F-8025-DC63A06B9BE4}.Debug|x86.ActiveCfg = Debug|Win32
		{77101946-5949-400F-8025-DC63A06B9BE4}.Debug|x86.Build.0 = Debug|Win32
		{77101946-5949-400F-8025-DC63A06B9BE4}.Release|Any CPU.ActiveCfg = Release|Win32
		{77101946-5949-400F-8025-DC63A06B9BE4}.Release|x64.ActiveCfg = Release|x64
		{77101946-5949-400F-8025-DC63A06B9BE4}.Release|x64.Build.0 = Release|x64
		{77101946-5949-400F-8025-DC63A06B9BE4}.Release|x86.ActiveCfg = Release|Win32
		{77101946-5949-400F-8025-DC63A06B9BE4}.Release|x86.Build.0 = Release|Win32
		{C32DDD53-F028-47A0-BBD8-AA4CCDE7BA5D}.Debug|Any CPU.ActiveCfg = Debug|Win32
		{C32DDD53-F028-47A0-BBD8-AA4CCDE7BA5D}.Debug|x64.ActiveCfg = Debug|x64
		{C32DDD53-F028-47A0-BBD8-AA4CCDE7BA5D}.Debug|x64.Build.0 = Debug|x64
		{C32DDD53-F028-47A0-BBD8-AA4CCDE7BA5D}.Debug|x86.ActiveCfg = Debug|Win32
		{C32DDD53-F028-47A0-BBD8-AA4CCDE7BA5D}.Debug|x86.Build.0 = Debug|Win32
		{C32DDD53-F028-47A0-BBD8-AA4CCDE7BA5D}.Release|Any CPU.ActiveCfg = Release|Win32
		{C32DDD53-F028-47A0-BBD8-AA4CCDE7BA5D}.Release|x64.ActiveCfg = Release|x64
		{C32DDD53-F028-47A0-BBD8-AA4CCDE7BA5D}.Release|x64.Build.0 = Release|x64
		{C32DDD53-F028-47A0-BBD8-AA4CCDE7BA5D}.Release|x86.ActiveCfg = Release|Win32
		{C32DDD53-F028-47A0-BBD8-AA4CCDE7BA5D}.Release|x86.Build.0 = Release|Win32
		{7FCE2A8D-439A-459C-98FC-D3276C076B50}.Debug|Any CPU.ActiveCfg = Debug|Win32
		{7FCE2A8D-439A-459C-98FC-D3276C076B50}.Debug|x64.ActiveCfg = Debug|x64
		{7FCE2A8D-439A-459C-98FC-D3276C076B50}.Debug|x64.Build.0 = Debug|x64
		{7FCE2A8D-439A-459C-98FC-D3276C076B50}.Debug|x86.ActiveCfg = Debug|Win32
		{7FCE2A8D-439A-459C-98FC-D3276C076B50}.Debug|x86.Build.0 = Debug|Win32
		{7FCE2A8D-439A-459C-98FC-D3276C076B50}.Release|Any CPU.ActiveCfg = Release|Win32
		{7FCE2A8D-439A-459C-98FC-D3276C076B50}.Release|x64.ActiveCfg = Release|x64
		{7FCE2A8D-439A-459C-98FC-D3276C076B50}.Release|x64.Build.0 = Release|x64
		{7FCE2A8D-439A-459C-98FC-D3276C076B50}.Release|x86.ActiveCfg = Release|Win32
		{7FCE2A8D-439A-459C-98FC-D3276C076B50}.Release|x86.Build.0 = Release|Win32
		{8D7E5C71-BF49-4D99-8AE3-729BF1FBFD41}.Debug|Any CPU.ActiveCfg = Debug|Win32
		{8D7E5C71-BF49-4D99-8AE3-729BF1FBFD41}.Debug|x64.ActiveCfg = Debug|x64
		{8D7E5C71-BF49-4D99-8AE3-729BF1FBFD41}.Debug|x64.Build.0 = Debug|x64
		{8D7E5C71-BF49-4D99-8AE3-729BF1FBFD41}.Debug|x86.ActiveCfg = Debug|Win32
		{8D7E5C71-BF49-4D99-8AE3-729BF1FBFD41}.Debug|x86.Build.0 = Debug|Win32
		{8D7E5C71-BF49-4D99-8AE3-729BF1FBFD41}.Release|Any CPU.ActiveCfg = Release|Win32
		{8D7E5C71-BF49-4D99-8AE3-729BF1FBFD41}.Release|x64.ActiveCfg = Release|x64
		{8D7E5C71-BF49-4D99-8AE3-729BF1FBFD41}.Release|x64.Build.0 = Release|x64
		{8D7E5C71-BF49-4D99-8AE3-729BF1FBFD41}.Release|x86.ActiveCfg = Release|Win32
		{8D7E5C71-BF49-4D99-8AE3-729BF1FBFD41}.Release|x86.Build.0 = Release|Win32
		{BB891272-F2B8-40E6-A125-C275A5341001}.Debug|Any CPU.ActiveCfg = Debug|Win32
		{BB891272-F2B8-40E6-A125-C275A5341001}.Debug|x64.ActiveCfg = Debug|x64
		{BB891272-F2B8-40E6-A125-C275A5341001}.Debug|x64.Build.0 = Debug|x64
		{BB891272-F2B8-40E6-A125-C275A5341001}.Debug|x86.ActiveCfg = Debug|Win32
		{BB891272-F2B8-40E6-A125-C275A5341001}.Debug|x86.Build.0 = Debug|Win32
		{BB891272-F2B8-40E6-A125-C275A5341001}.Release|Any CPU.ActiveCfg = Release|Win32
		{BB891272-F2B8-40E6-A125-C275A5341001}.Release|x64.ActiveCfg = Release|x64
		{BB891272-F2B8-40E6-A125-C275A5341001}.Release|x64.Build.0 = Release|x64
		{BB891272-F2B8-40E6-A125-C275A5341001}.Release|x86.ActiveCfg = Release|Win32
		{BB891272-F2B8-40E6-A125-C275A5341001}.Release|x86.Build.0 = Release|Win32
		{FEECFDE7-FD74-4E0F-968B-A9C548FED42A}.Debug|Any CPU.ActiveCfg = Debug|Win32
		{FEECFDE7-FD74-4E0F-968B-A9C548FED42A}.Debug|x64.ActiveCfg = Debug|x64
		{FEECFDE7-FD74-4E0F-968B-A9C548FED42A}.Debug|x64.Build.0 = Debug|x64
		{FEECFDE7-FD74-4E0F-968B-A9C548FED42A}.Debug|x86.ActiveCfg = Debug|Win32
		{FEECFDE7-FD74-4E0F-968B-A9C548FED42A}.Debug|x86.Build.0 = Debug|Win32
		{FEECFDE7-FD74-4E0F-968B-A9C548FED42A}.Release|Any CPU.ActiveCfg = Release|Win32
		{FEECFDE7-FD74-4E0F-968B-A9C548FED42A}.Release|x64.ActiveCfg = Release|x64
		{FEECFDE7-FD74-4E0F-968B-A9C548FED42A}.Release|x64.Build.0 = Release|x64
		{FEECFDE7-FD74-4E0F-968B-A9C548FED42A}.Release|x86.ActiveCfg = Release|Win32
		{FEECFDE7-FD74-4E0F-968B-A9C548FED42A}.Release|x86.Build.0 = Release|Win32
		{CB385DE3-AC9D-4E70-B558-0C1B65DCB83A}.Debug|Any CPU.ActiveCfg = Debug|Win32
		{CB385DE3-AC9D-4E70-B558-0C1B65DCB83A}.Debug|x64.ActiveCfg = Debug|x64
		{CB385DE3-AC9D-4E70-B558-0C1B65DCB83A}.Debug|x64.Build.0 = Debug|x64
		{CB385DE3-AC9D-4E70-B558-0C1B65DCB83A}.Debug|x86.ActiveCfg = Debug|Win32
		{CB385DE3-AC9D-4E70-B558-0C1B65DCB83A}.Debug|x86.Build.0 = Debug|Win32
		{CB385DE3-AC9D-4E70-B558-0C1B65DCB83A}.Release|Any CPU.ActiveCfg = Release|Win32
		{CB385DE3-AC9D-4E70-B558-0C1B65DCB83A}.Release|x64.ActiveCfg = Release|x64
		{CB385DE3-AC9D-4E70-B558-0C1B65DCB83A}.Release|x64.Build.0 = Release|x64
		{CB385DE3-AC9D-4E70-B558-0C1B65DCB83A}.Release|x86.ActiveCfg = Release|Win32
		{CB385DE3-AC9D-4E70-B558-0C1B65DCB83A}.Release|x86.Build.0 = Release|Win32
		{D375DD7C-4DAA-40DA-AD61-A08495701DA8}.Debug|Any CPU.ActiveCfg = Debug|Win32
		{D375DD7C-4DAA-40DA-AD61-A08495701DA8}.Debug|x64.ActiveCfg = Debug|x64
		{D375DD7C-4DAA-40DA-AD61-A08495701DA8}.Debug|x64.Build.0 = Debug|x64
		{D375DD7C-4DAA-40DA-AD61-A08495701DA8}.Debug|x86.ActiveCfg = Debug|Win32
		{D375DD7C-4DAA-40DA-AD61-A08495701DA8}.Debug|x86.Build.0 = Debug|Win32
		{D375DD7C-4DAA-40DA-AD61-A08495701DA8}.Release|Any CPU.ActiveCfg = Release|Win32
		{D375DD7C-4DAA-40DA-AD61-A08495701DA8}.Release|x64.ActiveCfg = Release|x64
		{D375DD7C-4DAA-40DA-AD61-A08495701DA8}.Release|x64.Build.0 = Release|x64
		{D375DD7C-4DAA-40DA-AD61-A08495701DA8}.Release|x86.ActiveCfg = Release|Win32
		{D375DD7C-4DAA-40DA-AD61-A08495701DA8}.Release|x86.Build.0 = Release|Win32
		{7880691B-9B82-4D82-B224-989F3B6D5636}.Debug|Any CPU.ActiveCfg = Debug|Win32
		{7880691B-9B82-4D82-B224-989F3B6D5636}.Debug|x64.ActiveCfg = Debug|x64
		{7880691B-9B82-4D82-B224-989F3B6D5636}.Debug|x64.Build.0 = Debug|x64
		{7880691B-9B82-4D82-B224-989F3B6D5636}.Debug|x86.ActiveCfg = Debug|Win32
		{7880691B-9B82-4D82-B224-989F3B6D5636}.Debug|x86.Build.0 = Debug|Win32
		{7880691B-9B82-4D82-B224-989F3B6D5636}.Release|Any CPU.ActiveCfg = Release|Win32
		{7880691B-9B82-4D82-B224-989F3B6D5636}.Release|x64.ActiveCfg = Release|x64
		{7880691B-9B82-4D82-B224-989F3B6D5636}.Release|x64.Build.0 = Release|x64
		{7880691B-9B82-4D82-B224-989F3B6D5636}.Release|x86.ActiveCfg = Release|Win32
		{7880691B-9B82-4D82-B224-989F3B6D5636}.Release|x86.Build.0 = Release|Win32
	EndGlobalSection
	GlobalSection(SolutionProperties) = preSolution
		HideSolutionNode = FALSE
	EndGlobalSection
	GlobalSection(ExtensibilityGlobals) = postSolution
		SolutionGuid = {86673ED0-B1C5-4B10-BC47-FC38C3107462}
	EndGlobalSection
EndGlobal
